# Generated by pixi-sandbox init. Regenerate this file instead of editing it.
name: relock

# Refresh lockfiles for a manifest edit that was made where the network is not.
#
# The guard job reports on every pull request; the relock job runs only when the guard found
# drift, which is why this workflow carries no `paths:` filter — a stale lock arriving by any
# route (a transitive manifest, a hand-edited lock, a deleted one) is caught the same way.

on:
  pull_request:
  workflow_dispatch:

concurrency:
  group: relock-${{ github.head_ref || github.ref }}
  cancel-in-progress: true

permissions:
  contents: read

jobs:
  guard:
    name: lock guard
    runs-on: ubuntu-latest
    steps:
      - uses: actions/checkout@3d3c42e5aac5ba805825da76410c181273ba90b1 # v7.0.1
      - uses: prefix-dev/setup-pixi@d3f436a425481402e6a95a1d1fc10331c708cd9e # v0.10.2
        with:
          pixi-version: v0.81.0
          run-install: false
      # Ahead of any install on purpose: `setup-pixi` installs with `locked: true` and would
      # fail first with a message about installation, when the fact worth reporting is that the
      # lock no longer satisfies the manifest.
      - run: pixi lock --check

  relock:
    name: relock
    needs: guard
    # Only when the guard actually failed, and never on a dispatch — a dispatch re-runs the
    # guard alone, which is how the bot turns its own commit green (see the last step).
    if: ${{ always() && needs.guard.result == 'failure' && github.event_name == 'pull_request' }}
    runs-on: ubuntu-latest
    # A job-level `permissions:` block is a replacement, not an addition: every scope left
    # unlisted becomes `none`. `contents: write` alone therefore pushes the lock commit and
    # then fails the dispatch below with a 403, which is exactly how this was found.
    permissions:
      contents: write
      actions: write
    steps:
      # A fork PR downgrades `contents: write` to read, so the push below cannot succeed. Say
      # that, instead of letting a permissions wall read as a flaky push.
      - name: Refuse a fork pull request loudly
        if: ${{ github.event.pull_request.head.repo.fork }}
        run: echo "::error::relock cannot push to a fork's branch — the token is read-only on fork pull requests; run 'pixi lock' and 'cargo fetch' locally and push the lockfiles yourself" && exit 1
      - uses: actions/checkout@3d3c42e5aac5ba805825da76410c181273ba90b1 # v7.0.1
        with:
          ref: ${{ github.head_ref }}
          persist-credentials: true
      - uses: prefix-dev/setup-pixi@d3f436a425481402e6a95a1d1fc10331c708cd9e # v0.10.2
        with:
          pixi-version: v0.81.0
          run-install: false
      # Bare, not `pixi run <task>`: a task would first have to solve the very environment
      # whose lock is stale.
      - run: pixi lock
      # Resolves only what the new constraint forces; `cargo update` would move the
      # whole workspace, which is a different intent and a different pull request.
      - run: cargo fetch
      - id: commit
        uses: stefanzweifel/git-auto-commit-action@4a55954c782fc1ea30b9056cd3e7a2b40ca8887d # v7.2.0
        with:
          commit_message: "chore(lock): refresh lockfiles for #${{ github.event.pull_request.number }}"
          commit_user_name: pixi-sandbox[bot]
          commit_user_email: 41898282+github-actions[bot]@users.noreply.github.com
          commit_author: pixi-sandbox[bot] <41898282+github-actions[bot]@users.noreply.github.com>
          file_pattern: pixi.lock Cargo.lock
      # The push above used GITHUB_TOKEN, so it started nothing. These two dispatches are the
      # only verdict the lock commit will ever get: the consumer's CI, and this workflow again
      # so its own guard reports green on the commit that fixed the drift.
      # The branch name reaches the command as an environment variable, never as inline
      # ${{ }}: a branch name is attacker-controlled text on a pull request, and interpolating
      # it into a shell line is the script-injection hole actionlint rejects.
      - if: ${{ steps.commit.outputs.changes_detected == 'true' }}
        run: gh workflow run ci.yml --ref "$HEAD_REF"
        env:
          GH_TOKEN: ${{ github.token }}
          HEAD_REF: ${{ github.head_ref }}
      - if: ${{ steps.commit.outputs.changes_detected == 'true' }}
        run: gh workflow run relock.yml --ref "$HEAD_REF"
        env:
          GH_TOKEN: ${{ github.token }}
          HEAD_REF: ${{ github.head_ref }}
